// !$*UTF8*$!
{
	archiveVersion = 1;
	classes = {
	};
	objectVersion = 46;
	objects = {

/* Begin PBXBuildFile section */
		DC5078F21DF5882900976610 /* AppDelegate.swift in Sources */ = {isa = PBXBuildFile; fileRef = DC5078F11DF5882900976610 /* AppDelegate.swift */; };
		DC5078F41DF5882900976610 /* ViewController.swift in Sources */ = {isa = PBXBuildFile; fileRef = DC5078F31DF5882900976610 /* ViewController.swift */; };
		DC5078F71DF5882900976610 /* Main.storyboard in Resources */ = {isa = PBXBuildFile; fileRef = DC5078F51DF5882900976610 /* Main.storyboard */; };
		DC5078F91DF5882900976610 /* Assets.xcassets in Resources */ = {isa = PBXBuildFile; fileRef = DC5078F81DF5882900976610 /* Assets.xcassets */; };
		DC5078FC1DF5882900976610 /* LaunchScreen.storyboard in Resources */ = {isa = PBXBuildFile; fileRef = DC5078FA1DF5882900976610 /* LaunchScreen.storyboard */; };
/* End PBXBuildFile section */

/* Begin PBXFileReference section */
		DC5078EE1DF5882900976610 /* NotificationsExample.app */ = {isa = PBXFileReference; explicitFileType = wrapper.application; includeInIndex = 0; path = NotificationsExample.app; sourceTree = BUILT_PRODUCTS_DIR; };
		DC5078F11DF5882900976610 /* AppDelegate.swift */ = {isa = PBXFileReference; lastKnownFileType = sourcecode.swift; path = AppDelegate.swift; sourceTree = "<group>"; };
		DC5078F31DF5882900976610 /* ViewController.swift */ = {isa = PBXFileReference; lastKnownFileType = sourcecode.swift; path = ViewController.swift; sourceTree = "<group>"; };
		DC5078F61DF5882900976610 /* Base */ = {isa = PBXFileReference; lastKnownFileType = file.storyboard; name = Base; path = Base.lproj/Main.storyboard; sourceTree = "<group>"; };
		DC5078F81DF5882900976610 /* Assets.xcassets */ = {isa = PBXFileReference; lastKnownFileType = folder.assetcatalog; path = Assets.xcassets; sourceTree = "<group>"; };
		DC5078FB1DF5882900976610 /* Base */ = {isa = PBXFileReference; lastKnownFileType = file.storyboard; name = Base; path = Base.lproj/LaunchScreen.storyboard; sourceTree = "<group>"; };
		DC5078FD1DF5882900976610 /* Info.plist */ = {isa = PBXFileReference; lastKnownFileType = text.plist.xml; path = Info.plist; sourceTree = "<group>"; };
/* End PBXFileReference section */

/* Begin PBXFrameworksBuildPhase section */
		DC5078EB1DF5882900976610 /* Frameworks */ = {
			isa = PBXFrameworksBuildPhase;
			buildActionMask = 2147483647;
			files = (
			);
			runOnlyForDeploymentPostprocessing = 0;
		};
/* End PBXFrameworksBuildPhase section */

/* Begin PBXGroup section */
		DC5078E51DF5882900976610 = {
			isa = PBXGroup;
			children = (
				DC5078F01DF5882900976610 /* NotificationsExample */,
				DC5078EF1DF5882900976610 /* Products */,
			);
			sourceTree = "<group>";
		};
		DC5078EF1DF5882900976610 /* Products */ = {
			isa = PBXGroup;
			children = (
				DC5078EE1DF5882900976610 /* NotificationsExample.app */,
			);
			name = Products;
			sourceTree = "<group>";
		};
		DC5078F01DF5882900976610 /* NotificationsExample */ = {
			isa = PBXGroup;
			children = (
				DC5078F11DF5882900976610 /* AppDelegate.swift */,
				DC5078F31DF5882900976610 /* ViewController.swift */,
				DC5078F51DF5882900976610 /* Main.storyboard */,
				DC5078F81DF5882900976610 /* Assets.xcassets */,
				DC5078FA1DF5882900976610 /* LaunchScreen.storyboard */,
				DC5078FD1DF5882900976610 /* Info.plist */,
			);
			path = NotificationsExample;
			sourceTree = "<group>";
		};
/* End PBXGroup section */

/* Begin PBXNativeTarget section */
		DC5078ED1DF5882900976610 /* NotificationsExample */ = {
			isa = PBXNativeTarget;
			buildConfigurationList = DC5079001DF5882900976610 /* Build configuration list for PBXNativeTarget "NotificationsExample" */;
			buildPhases = (
				DC5078EA1DF5882900976610 /* Sources */,
				DC5078EB1DF5882900976610 /* Frameworks */,
				DC5078EC1DF5882900976610 /* Resources */,
			);
			buildRules = (
			);
			dependencies = (
			);
			name = NotificationsExample;
			productName = NotificationsExample;
			productReference = DC5078EE1DF5882900976610 /* NotificationsExample.app */;
			productType = "com.apple.product-type.application";
		};
/* End PBXNativeTarget section */

/* Begin PBXProject section */
		DC5078E61DF5882900976610 /* Project object */ = {
			isa = PBXProject;
			attributes = {
				LastSwiftUpdateCheck = 0810;
				LastUpgradeCheck = 0810;
				ORGANIZATIONNAME = "Ellina Kuznecova";
				TargetAttributes = {
					DC5078ED1DF5882900976610 = {
						CreatedOnToolsVersion = 8.1;
						DevelopmentTeam = C9ZJ96D59R;
						ProvisioningStyle = Automatic;
						SystemCapabilities = {
							com.apple.BackgroundModes = {
								enabled = 1;
							};
						};
					};
				};
			};
			buildConfigurationList = DC5078E91DF5882900976610 /* Build configuration list for PBXProject "NotificationsExample" */;
			compatibilityVersion = "Xcode 3.2";
			developmentRegion = English;
			hasScannedForEncodings = 0;
			knownRegions = (
				en,
				Base,
			);
			mainGroup = DC5078E51DF5882900976610;
			productRefGroup = DC5078EF1DF5882900976610 /* Products */;
			projectDirPath = "";
			projectRoot = "";
			targets = (
				DC5078ED1DF5882900976610 /* NotificationsExample */,
			);
		};
/* End PBXProject section */

/* Begin PBXResourcesBuildPhase section */
		DC5078EC1DF5882900976610 /* Resources */ = {
			isa = PBXResourcesBuildPhase;
			buildActionMask = 2147483647;
			files = (
				DC5078FC1DF5882900976610 /* LaunchScreen.storyboard in Resources */,
				DC5078F91DF5882900976610 /* Assets.xcassets in Resources */,
				DC5078F71DF5882900976610 /* Main.storyboard in Resources */,
			);
			runOnlyForDeploymentPostprocessing = 0;
		};
/* End PBXResourcesBuildPhase section */

/* Begin PBXSourcesBuildPhase section */
		DC5078EA1DF5882900976610 /* Sources */ = {
			isa = PBXSourcesBuildPhase;
			buildActionMask = 2147483647;
			files = (
				DC5078F41DF5882900976610 /* ViewController.swift in Sources */,
				DC5078F21DF5882900976610 /* AppDelegate.swift in Sources */,
			);
			runOnlyForDeploymentPostprocessing = 0;
		};
/* End PBXSourcesBuildPhase section */

/* Begin PBXVariantGroup section */
		DC5078F51DF5882900976610 /* Main.storyboard */ = {
			isa = PBXVariantGroup;
			children = (
				DC5078F61DF5882900976610 /* Base */,
			);
			name = Main.storyboard;
			sourceTree = "<group>";
		};
		DC5078FA1DF5882900976610 /* LaunchScreen.storyboard */ = {
			isa = PBXVariantGroup;
			children = (
				DC5078FB1DF5882900976610 /* Base */,
			);
			name = LaunchScreen.storyboard;
			sourceTree = "<group>";
		};
/* End PBXVariantGroup section */

/* Begin XCBuildConfiguration section */
		DC5078FE1DF5882900976610 /* Debug */ = {
			isa = XCBuildConfiguration;
			buildSettings = {
				ALWAYS_SEARCH_USER_PATHS = NO;
				CLANG_ANALYZER_NONNULL = YES;
				CLANG_CXX_LANGUAGE_STANDARD = "gnu++0x";
				CLANG_CXX_LIBRARY = "libc++";
				CLANG_ENABLE_MODULES = YES;
				CLANG_ENABLE_OBJC_ARC = YES;
				CLANG_WARN_BOOL_CONVERSION = YES;
				CLANG_WARN_CONSTANT_CONVERSION = YES;
				CLANG_WARN_DIRECT_OBJC_ISA_USAGE = YES_ERROR;
				CLANG_WARN_DOCUMENTATION_COMMENTS = YES;
				CLANG_WARN_EMPTY_BODY = YES;
				CLANG_WARN_ENUM_CONVERSION = YES;
				CLANG_WARN_INFINITE_RECURSION = YES;
				CLANG_WARN_INT_CONVERSION = YES;
				CLANG_WARN_OBJC_ROOT_CLASS = YES_ERROR;
				CLANG_WARN_SUSPICIOUS_MOVES = YES;
				CLANG_WARN_UNREACHABLE_CODE = YES;
				CLANG_WARN__DUPLICATE_METHOD_MATCH = YES;
				"CODE_SIGN_IDENTITY[sdk=iphoneos*]" = "iPhone Developer";
				COPY_PHASE_STRIP = NO;
				DEBUG_INFORMATION_FORMAT = dwarf;
				ENABLE_STRICT_OBJC_MSGSEND = YES;
				ENABLE_TESTABILITY = YES;
				GCC_C_LANGUAGE_STANDARD = gnu99;
				GCC_DYNAMIC_NO_PIC = NO;
				GCC_NO_COMMON_BLOCKS = YES;
				GCC_OPTIMIZATION_LEVEL = 0;
				GCC_PREPROCESSOR_DEFINITIONS = (
					"DEBUG=1",
					"$(inherited)",
				);
				GCC_WARN_64_TO_32_BIT_CONVERSION = YES;
				GCC_WARN_ABOUT_RETURN_TYPE = YES_ERROR;
				GCC_WARN_UNDECLARED_SELECTOR = YES;
				GCC_WARN_UNINITIALIZED_AUTOS = YES_AGGRESSIVE;
				GCC_WARN_UNUSED_FUNCTION = YES;
				GCC_WARN_UNUSED_VARIABLE = YES;
				IPHONEOS_DEPLOYMENT_TARGET = 10.1;
				MTL_ENABLE_DEBUG_INFO = YES;
				ONLY_ACTIVE_ARCH = YES;
				SDKROOT = iphoneos;
				SWIFT_ACTIVE_COMPILATION_CONDITIONS = DEBUG;
				SWIFT_OPTIMIZATION_LEVEL = "-Onone";
				TARGETED_DEVICE_FAMILY = "1,2";
			};
			name = Debug;
		};
		DC5078FF1DF5882900976610 /* Release */ = {
			isa = XCBuildConfiguration;
			buildSettings = {
				ALWAYS_SEARCH_USER_PATHS = NO;
				CLANG_ANALYZER_NONNULL = YES;
				CLANG_CXX_LANGUAGE_STANDARD = "gnu++0x";
				CLANG_CXX_LIBRARY = "libc++";
				CLANG_ENABLE_MODULES = YES;
				CLANG_ENABLE_OBJC_ARC = YES;
				CLANG_WARN_BOOL_CONVERSION = YES;
				CLANG_WARN_CONSTANT_CONVERSION = YES;
				CLANG_WARN_DIRECT_OBJC_ISA_USAGE = YES_ERROR;
				CLANG_WARN_DOCUMENTATION_COMMENTS = YES;
				CLANG_WARN_EMPTY_BODY = YES;
				CLANG_WARN_ENUM_CONVERSION = YES;
				CLANG_WARN_INFINITE_RECURSION = YES;
				CLANG_WARN_INT_CONVERSION = YES;
				CLANG_WARN_OBJC_ROOT_CLASS = YES_ERROR;
				CLANG_WARN_SUSPICIOUS_MOVES = YES;
				CLANG_WARN_UNREACHABLE_CODE = YES;
				CLANG_WARN__DUPLICATE_METHOD_MATCH = YES;
				"CODE_SIGN_IDENTITY[sdk=iphoneos*]" = "iPhone Developer";
				COPY_PHASE_STRIP = NO;
				DEBUG_INFORMATION_FORMAT = "dwarf-with-dsym";
				ENABLE_NS_ASSERTIONS = NO;
				ENABLE_STRICT_OBJC_MSGSEND = YES;
				GCC_C_LANGUAGE_STANDARD = gnu99;
				GCC_NO_COMMON_BLOCKS = YES;
				GCC_WARN_64_TO_32_BIT_CONVERSION = YES;
				GCC_WARN_ABOUT_RETURN_TYPE = YES_ERROR;
				GCC_WARN_UNDECLARED_SELECTOR = YES;
				GCC_WARN_UNINITIALIZED_AUTOS = YES_AGGRESSIVE;
				GCC_WARN_UNUSED_FUNCTION = YES;
				GCC_WARN_UNUSED_VARIABLE = YES;
				IPHONEOS_DEPLOYMENT_TARGET = 10.1;
				MTL_ENABLE_DEBUG_INFO = NO;
				SDKROOT = iphoneos;
				SWIFT_OPTIMIZATION_LEVEL = "-Owholemodule";
				TARGETED_DEVICE_FAMILY = "1,2";
				VALIDATE_PRODUCT = YES;
			};
			name = Release;
		};
		DC5079011DF5882900976610 /* Debug */ = {
			isa = XCBuildConfiguration;
			buildSettings = {
				ASSETCATALOG_COMPILER_APPICON_NAME = AppIcon;
				DEVELOPMENT_TEAM = C9ZJ96D59R;
				INFOPLIST_FILE = NotificationsExample/Info.plist;
				LD_RUNPATH_SEARCH_PATHS = "$(inherited) @executable_path/Frameworks";
				PRODUCT_BUNDLE_IDENTIFIER = com.ellinakuznecova.NotificationsExample;
				PRODUCT_NAME = "$(TARGET_NAME)";
				SWIFT_VERSION = 3.0;
			};
			name = Debug;
		};
		DC5079021DF5882900976610 /* Release */ = {
			isa = XCBuildConfiguration;
			buildSettings = {
				ASSETCATALOG_COMPILER_APPICON_NAME = AppIcon;
				DEVELOPMENT_TEAM = C9ZJ96D59R;
				INFOPLIST_FILE = NotificationsExample/Info.plist;
				LD_RUNPATH_SEARCH_PATHS = "$(inherited) @executable_path/Frameworks";
				PRODUCT_BUNDLE_IDENTIFIER = com.ellinakuznecova.NotificationsExample;
				PRODUCT_NAME = "$(TARGET_NAME)";
				SWIFT_VERSION = 3.0;
			};
			name = Release;
		};
/* End XCBuildConfiguration section */

/* Begin XCConfigurationList section */
		DC5078E91DF5882900976610 /* Build configuration list for PBXProject "NotificationsExample" */ = {
			isa = XCConfigurationList;
			buildConfigurations = (
				DC5078FE1DF5882900976610 /* Debug */,
				DC5078FF1DF5882900976610 /* Release */,
			);
			defaultConfigurationIsVisible = 0;
			defaultConfigurationName = Release;
		};
		DC5079001DF5882900976610 /* Build configuration list for PBXNativeTarget "NotificationsExample" */ = {
			isa = XCConfigurationList;
			buildConfigurations = (
				DC5079011DF5882900976610 /* Debug */,
				DC5079021DF5882900976610 /* Release */,
			);
			defaultConfigurationIsVisible = 0;
			defaultConfigurationName = Release;
		};
/* End XCConfigurationList section */
	};
	rootObject = DC5078E61DF5882900976610 /* Project object */;
}
